<?xml version="1.0" encoding="utf-8"?>
<Project ToolsVersion="4.0" xmlns="http://schemas.microsoft.com/developer/msbuild/2003">
  <ItemGroup>
    <Filter Include="Header Files">
      <UniqueIdentifier>{93995380-89BD-4b04-88EB-625FBE52EBFB}</UniqueIdentifier>
      <Extensions>h;hh;hpp;hxx;hm;inl;inc;xsd</Extensions>
    </Filter>
    <Filter Include="Resource Files">
      <UniqueIdentifier>{D9D6E242-F8AF-46E4-B9FD-80ECBC20BA3E}</UniqueIdentifier>
      <Extensions>qrc;*</Extensions>
      <ParseFiles>false</ParseFiles>
    </Filter>
    <Filter Include="Simulation">
      <UniqueIdentifier>{6f77f049-e242-4984-a67c-afcfc28cf764}</UniqueIdentifier>
    </Filter>
    <Filter Include="Version Info">
      <UniqueIdentifier>{273648c1-7cb3-4704-8487-364698f368e4}</UniqueIdentifier>
    </Filter>
    <Filter Include="Circuit">
      <UniqueIdentifier>{a88b9c5a-3ebd-49d8-a590-05677c68c531}</UniqueIdentifier>
    </Filter>
    <Filter Include="Dialogs">
      <UniqueIdentifier>{ef57e86b-1a14-41b3-a809-4e0a405e78ef}</UniqueIdentifier>
    </Filter>
    <Filter Include="Circuit\Editor">
      <UniqueIdentifier>{3fed1b1a-04e4-4593-af26-d581afbf2f88}</UniqueIdentifier>
    </Filter>
    <Filter Include="Main">
      <UniqueIdentifier>{c864d2de-cff3-478c-bc67-87aef98a83f9}</UniqueIdentifier>
    </Filter>
    <Filter Include="Math">
      <UniqueIdentifier>{a7a82df1-80bb-4c10-b401-06c1ce0fbca2}</UniqueIdentifier>
    </Filter>
    <Filter Include="Simulation\Objects">
      <UniqueIdentifier>{dc78e042-2b79-4f8d-9290-b31b4b0719bc}</UniqueIdentifier>
    </Filter>
  </ItemGroup>
  <ItemGroup>
    <ClCompile Include="src\Simulation.cpp">
      <Filter>Simulation</Filter>
    </ClCompile>
    <ClCompile Include="src\SimulationErrors.cpp">
      <Filter>Simulation</Filter>
    </ClCompile>
    <ClCompile Include="src\Component.cpp">
      <Filter>Simulation\Objects</Filter>
    </ClCompile>
    <ClCompile Include="src\Node.cpp">
      <Filter>Simulation\Objects</Filter>
    </ClCompile>
    <ClCompile Include="src\Version.cpp">
      <Filter>Version Info</Filter>
    </ClCompile>
    <ClCompile Include="src\Circuit.cpp">
      <Filter>Circuit</Filter>
    </ClCompile>
    <ClCompile Include="src\Circuit_fileIO.cpp">
      <Filter>Circuit</Filter>
    </ClCompile>
    <ClCompile Include="src\SimulationResultsWindow.cpp">
      <Filter>Dialogs</Filter>
    </ClCompile>
    <ClCompile Include="src\ComponentPropertiesWindow.cpp">
      <Filter>Dialogs</Filter>
    </ClCompile>
    <ClCompile Include="src\LogWindow.cpp">
      <Filter>Dialogs</Filter>
    </ClCompile>
    <ClCompile Include="src\CircuitEditor.cpp">
      <Filter>Circuit\Editor</Filter>
    </ClCompile>
    <ClCompile Include="src\CircuitEditor_actions.cpp">
      <Filter>Circuit\Editor</Filter>
    </ClCompile>
    <ClCompile Include="src\CircuitEditor_slots.cpp">
      <Filter>Circuit\Editor</Filter>
    </ClCompile>
    <ClCompile Include="src\MainWindow.cpp">
      <Filter>Main</Filter>
    </ClCompile>
    <ClCompile Include="src\MainWindow_interface.cpp">
      <Filter>Main</Filter>
    </ClCompile>
    <ClCompile Include="src\main.cpp">
      <Filter>Main</Filter>
    </ClCompile>
    <ClCompile Include="src\Geometry.cpp">
      <Filter>Math</Filter>
    </ClCompile>
  </ItemGroup>
  <ItemGroup>
    <ClInclude Include="src\Log.h">
      <Filter>Header Files</Filter>
    </ClInclude>
    <ClInclude Include="src\Property.h">
      <Filter>Header Files</Filter>
    </ClInclude>
    <ClInclude Include="src\Simulation.h">
      <Filter>Simulation</Filter>
    </ClInclude>
    <ClInclude Include="src\SimulationErrors.h">
      <Filter>Simulation</Filter>
    </ClInclude>
    <ClInclude Include="src\DCOP.h">
      <Filter>Simulation</Filter>
    </ClInclude>
    <ClInclude Include="src\Node.h">
      <Filter>Simulation\Objects</Filter>
    </ClInclude>
    <ClInclude Include="src\Component.h">
      <Filter>Simulation\Objects</Filter>
    </ClInclude>
    <ClInclude Include="src\Version.h">
      <Filter>Version Info</Filter>
    </ClInclude>
    <ClInclude Include="src\Circuit.h">
      <Filter>Circuit</Filter>
    </ClInclude>
    <ClInclude Include="src\MatrixHelper.h">
      <Filter>Math</Filter>
    </ClInclude>
    <ClInclude Include="src\Geometry.h">
      <Filter>Math</Filter>
    </ClInclude>
  </ItemGroup>
  <ItemGroup>
    <QtMoc Include="src\ComponentPropertiesWindow.h">
      <Filter>Dialogs</Filter>
    </QtMoc>
    <QtMoc Include="src\LogWindow.h">
      <Filter>Dialogs</Filter>
    </QtMoc>
    <QtMoc Include="src\SimulationResultsWindow.h">
      <Filter>Dialogs</Filter>
    </QtMoc>
    <QtMoc Include="src\CircuitEditor.h">
      <Filter>Circuit\Editor</Filter>
    </QtMoc>
    <QtMoc Include="src\MainWindow.h">
      <Filter>Main</Filter>
    </QtMoc>
  </ItemGroup>
</Project>